
Microsoft Visual Studio Solution File, Format Version 12.00
# Visual Studio Version 16
VisualStudioVersion = 16.0.30225.117
MinimumVisualStudioVersion = 10.0.40219.1
Project("{FAE04EC0-301F-11D3-BF4B-00C04F79EFBC}") = "Klädbutiken", "Klädbutiken.csproj", "{2DE3B726-945F-4A76-B0A1-5F222C42D73A}"
EndProject
Global
	GlobalSection(SolutionConfigurationPlatforms) = preSolution
		Debug|Any CPU = Debug|Any CPU
		Release|Any CPU = Release|Any CPU
	EndGlobalSection
	GlobalSection(ProjectConfigurationPlatforms) = postSolution
		{2DE3B726-945F-4A76-B0A1-5F222C42D73A}.Debug|Any CPU.ActiveCfg = Debug|Any CPU
		{2DE3B726-945F-4A76-B0A1-5F222C42D73A}.Debug|Any CPU.Build.0 = Debug|Any CPU
		{2DE3B726-945F-4A76-B0A1-5F222C42D73A}.Release|Any CPU.ActiveCfg = Release|Any CPU
		{2DE3B726-945F-4A76-B0A1-5F222C42D73A}.Release|Any CPU.Build.0 = Release|Any CPU
	EndGlobalSection
	GlobalSection(SolutionProperties) = preSolution
		HideSolutionNode = FALSE
	EndGlobalSection
	GlobalSection(ExtensibilityGlobals) = postSolution
		SolutionGuid = {83444B42-84C7-4D96-8AFB-60D44BA5024C}
	EndGlobalSection
EndGlobal
